
Microsoft Visual Studio Solution File, Format Version 12.00
# Visual Studio Version 17
VisualStudioVersion = 17.14.36717.8
MinimumVisualStudioVersion = 10.0.40219.1
Project("{FAE04EC0-301F-11D3-BF4B-00C04F79EFBC}") = "BloodBankAPI", "BloodDonatePrime\BloodBankAPI.csproj", "{25723362-A5CB-4768-9F00-AC31EB548D3C}"
EndProject
Global
	GlobalSection(SolutionConfigurationPlatforms) = preSolution
		Debug|Any CPU = Debug|Any CPU
		Release|Any CPU = Release|Any CPU
	EndGlobalSection
	GlobalSection(ProjectConfigurationPlatforms) = postSolution
		{25723362-A5CB-4768-9F00-AC31EB548D3C}.Debug|Any CPU.ActiveCfg = Debug|Any CPU
		{25723362-A5CB-4768-9F00-AC31EB548D3C}.Debug|Any CPU.Build.0 = Debug|Any CPU
		{25723362-A5CB-4768-9F00-AC31EB548D3C}.Release|Any CPU.ActiveCfg = Release|Any CPU
		{25723362-A5CB-4768-9F00-AC31EB548D3C}.Release|Any CPU.Build.0 = Release|Any CPU
	EndGlobalSection
	GlobalSection(SolutionProperties) = preSolution
		HideSolutionNode = FALSE
	EndGlobalSection
	GlobalSection(ExtensibilityGlobals) = postSolution
		SolutionGuid = {480701EE-C269-4935-A725-BDDB61E1B4ED}
	EndGlobalSection
EndGlobal
